<?xml version="1.0" encoding="utf-8"?>
<Project ToolsVersion="4.0" xmlns="http://schemas.microsoft.com/developer/msbuild/2003">
  <ItemGroup>
    <Filter Include="Header Files">
      <UniqueIdentifier>{93995380-89BD-4b04-88EB-625FBE52EBFB}</UniqueIdentifier>
      <Extensions>h;hpp;hxx;hm;inl;inc;xsd</Extensions>
    </Filter>
    <Filter Include="Resource Files">
      <UniqueIdentifier>{67DA6AB6-F800-4c08-8B7A-83BB121AAD01}</UniqueIdentifier>
      <Extensions>rc;ico;cur;bmp;dlg;rc2;rct;bin;rgs;gif;jpg;jpeg;jpe;resx;tiff;tif;png;wav;mfcribbon-ms</Extensions>
    </Filter>
    <Filter Include="Demo App">
      <UniqueIdentifier>{a9085cbe-125b-4254-b96d-1ee55179967c}</UniqueIdentifier>
    </Filter>
    <Filter Include="Libraries">
      <UniqueIdentifier>{52677f88-26ac-46a8-ae58-97a2d5fbd18d}</UniqueIdentifier>
    </Filter>
    <Filter Include="Libraries\Event Queue">
      <UniqueIdentifier>{85eb19c8-8ffa-426f-9b9b-7d7f1ff74321}</UniqueIdentifier>
    </Filter>
    <Filter Include="Libraries\SW Timers">
      <UniqueIdentifier>{838f8e77-eba2-4be6-b0f9-515f7211126a}</UniqueIdentifier>
    </Filter>
    <Filter Include="Libraries\Board">
      <UniqueIdentifier>{4c31376f-b0a1-4ecd-947f-64fe15444c02}</UniqueIdentifier>
    </Filter>
    <Filter Include="Libraries\Arch">
      <UniqueIdentifier>{3ec94598-03bd-4076-807b-bd35ae4a5ea8}</UniqueIdentifier>
    </Filter>
    <Filter Include="Libraries\Buttons">
      <UniqueIdentifier>{5f8354e3-6a48-4ae3-b4c8-699acb461e13}</UniqueIdentifier>
    </Filter>
    <Filter Include="Libraries\SME">
      <UniqueIdentifier>{06115c5f-72ff-4be2-8b83-f23701297c16}</UniqueIdentifier>
    </Filter>
    <Filter Include="tedlos">
      <UniqueIdentifier>{d542ee33-93e0-4229-9671-f27cdc7c0c8d}</UniqueIdentifier>
    </Filter>
    <Filter Include="Libraries\Lib">
      <UniqueIdentifier>{104836d2-8696-4295-b3e6-2948e59c0c7f}</UniqueIdentifier>
    </Filter>
    <Filter Include="Libraries\Clock Services">
      <UniqueIdentifier>{a59a8483-038a-453f-ae83-d5e8546c5539}</UniqueIdentifier>
    </Filter>
  </ItemGroup>
  <ItemGroup>
    <None Include="..\..\cwsw_eventqueue\cwsw_evqueue_ex\src\cwsw_evq_proj.h.template">
      <Filter>Demo App</Filter>
    </None>
  </ItemGroup>
  <ItemGroup>
    <ClCompile Include="..\..\app\main.c">
      <Filter>Demo App</Filter>
    </ClCompile>
    <ClCompile Include="..\..\app\cwsw_lib_prj\CritSect.c">
      <Filter>Demo App</Filter>
    </ClCompile>
    <ClCompile Include="..\..\cwsw_arch\src\i386\cwsw_arch.c">
      <Filter>Demo App</Filter>
    </ClCompile>
    <ClCompile Include="..\..\cwsw_board\common\src\cwsw_buttons.c">
      <Filter>Demo App</Filter>
    </ClCompile>
    <ClCompile Include="..\..\cwsw_lib\src\cwsw_lib.c">
      <Filter>Demo App</Filter>
    </ClCompile>
    <ClCompile Include="..\..\cwsw_eventqueue\cwsw_evqueue_ex\src\cwsw_evhandler.c">
      <Filter>Demo App</Filter>
    </ClCompile>
    <ClCompile Include="..\..\cwsw_eventqueue\cwsw_evqueue_ex\src\cwsw_evqueue_ex.c">
      <Filter>Demo App</Filter>
    </ClCompile>
    <ClCompile Include="..\..\cwsw_eventqueue\cwsw_evqueue_ex\src\cwsw_evthndlrassoc.c">
      <Filter>Demo App</Filter>
    </ClCompile>
    <ClCompile Include="..\..\cwsw_eventqueue\cwsw_event\src\cwsw_event.c">
      <Filter>Demo App</Filter>
    </ClCompile>
    <ClCompile Include="..\..\cwsw_eventqueue\cwsw_event\src\cwsw_eventtable.c">
      <Filter>Demo App</Filter>
    </ClCompile>
    <ClCompile Include="..\..\cwsw_eventqueue\cwsw_evqueue\src\cwsw_evqueue.c">
      <Filter>Demo App</Filter>
    </ClCompile>
    <ClCompile Include="..\..\cwsw_sme\src\cwsw_sme.c">
      <Filter>Demo App</Filter>
    </ClCompile>
    <ClCompile Include="..\..\cwsw_clock_services\cwsw_clock\src\cwsw_clock_svc.c">
      <Filter>Demo App</Filter>
    </ClCompile>
    <ClCompile Include="..\..\cwsw_clock_services\cwsw_swtimer\src\cwsw_swtimer.c">
      <Filter>Demo App</Filter>
    </ClCompile>
    <ClCompile Include="..\..\app\tedlos.c">
      <Filter>Demo App</Filter>
    </ClCompile>
    <ClCompile Include="..\..\app\tedlos_scheduler.c">
      <Filter>Demo App</Filter>
    </ClCompile>
    <ClCompile Include="..\..\app\app-di-buttons.c">
      <Filter>Demo App</Filter>
    </ClCompile>
    <ClCompile Include="..\..\app\app-do-lamps.c">
      <Filter>Demo App</Filter>
    </ClCompile>
    <ClCompile Include="..\..\app\console_keyin.c">
      <Filter>Demo App</Filter>
    </ClCompile>
    <ClCompile Include="..\..\app\stoplite-sme.c">
      <Filter>Demo App</Filter>
    </ClCompile>
    <ClCompile Include="..\..\cwsw_board\none\src\cwsw_board.c">
      <Filter>Libraries\Board</Filter>
    </ClCompile>
    <ClCompile Include="..\..\os-board-fusion\none\bdsched.c">
      <Filter>Libraries\Board</Filter>
    </ClCompile>
  </ItemGroup>
  <ItemGroup>
    <ClInclude Include="..\..\cwsw_lib\inc\cwsw_eventsim.h">
      <Filter>Demo App</Filter>
    </ClInclude>
    <ClInclude Include="..\..\app\app-di-buttons.h">
      <Filter>Demo App</Filter>
    </ClInclude>
    <ClInclude Include="..\..\app\stoplite.h">
      <Filter>Demo App</Filter>
    </ClInclude>
    <ClInclude Include="..\..\app\app-do-lamps.h">
      <Filter>Demo App</Filter>
    </ClInclude>
    <ClInclude Include="..\..\app\console_keyin.h">
      <Filter>Header Files</Filter>
    </ClInclude>
    <ClInclude Include="..\..\cwsw_lib\inc\ctassert.h">
      <Filter>Libraries\Lib</Filter>
    </ClInclude>
    <ClInclude Include="..\..\cwsw_arch\inc\i386\cwsw_arch.h">
      <Filter>Libraries\Arch</Filter>
    </ClInclude>
    <ClInclude Include="..\..\cwsw_arch\inc\cwsw_arch_common.h">
      <Filter>Libraries\Arch</Filter>
    </ClInclude>
    <ClInclude Include="..\..\cwsw_board\none\cwsw_board.h">
      <Filter>Libraries\Board</Filter>
    </ClInclude>
    <ClInclude Include="..\..\cwsw_board\cwsw_board_common.h">
      <Filter>Libraries\Board</Filter>
    </ClInclude>
    <ClInclude Include="..\..\cwsw_board\common\cwsw_buttons.h">
      <Filter>Libraries\Buttons</Filter>
    </ClInclude>
    <ClInclude Include="..\..\cwsw_clock_services\cwsw_clock\inc\cwsw_clock.h">
      <Filter>Libraries\Clock Services</Filter>
    </ClInclude>
    <ClInclude Include="..\..\cwsw_eventqueue\cwsw_event\inc\cwsw_event.h">
      <Filter>Libraries\Event Queue</Filter>
    </ClInclude>
    <ClInclude Include="..\..\cwsw_eventqueue\cwsw_evqueue_ex\inc\cwsw_evhandler.h">
      <Filter>Libraries\Event Queue</Filter>
    </ClInclude>
    <ClInclude Include="..\..\cwsw_eventqueue\cwsw_event\inc\cwsw_eventtable.h">
      <Filter>Libraries\Event Queue</Filter>
    </ClInclude>
    <ClInclude Include="..\..\cwsw_eventqueue\cwsw_evqueue\inc\cwsw_evqueue.h">
      <Filter>Libraries\Event Queue</Filter>
    </ClInclude>
    <ClInclude Include="..\..\cwsw_eventqueue\cwsw_evqueue_ex\inc\cwsw_evqueue_ex.h">
      <Filter>Libraries\Event Queue</Filter>
    </ClInclude>
    <ClInclude Include="..\..\cwsw_eventqueue\cwsw_evqueue_ex\inc\cwsw_evthndlrassoc.h">
      <Filter>Libraries\Event Queue</Filter>
    </ClInclude>
    <ClInclude Include="..\..\cwsw_lib\inc\cwsw_lib.h">
      <Filter>Libraries\Lib</Filter>
    </ClInclude>
    <ClInclude Include="..\..\cwsw_lib\inc\cwsw_lib_cvi.h">
      <Filter>Libraries\Lib</Filter>
    </ClInclude>
    <ClInclude Include="..\..\cwsw_lib\inc\cwsw_lib_gnuc.h">
      <Filter>Libraries\Lib</Filter>
    </ClInclude>
    <ClInclude Include="..\..\cwsw_lib\inc\cwsw_lib_msvc.h">
      <Filter>Libraries\Lib</Filter>
    </ClInclude>
    <ClInclude Include="..\..\cwsw_sme\inc\cwsw_sme.h">
      <Filter>Libraries\SME</Filter>
    </ClInclude>
    <ClInclude Include="..\..\cwsw_clock_services\cwsw_swtimer\inc\cwsw_swtimer.h">
      <Filter>Libraries\Clock Services</Filter>
    </ClInclude>
    <ClInclude Include="..\..\cfg_tedlos\ManagedAlarms.h">
      <Filter>tedlos</Filter>
    </ClInclude>
    <ClInclude Include="..\..\cwsw_arch\inc\i386\peripheral\ports\ports_api.h">
      <Filter>Libraries\Board</Filter>
    </ClInclude>
    <ClInclude Include="..\..\cwsw_lib\inc\ptypes.h">
      <Filter>Libraries\Lib</Filter>
    </ClInclude>
    <ClInclude Include="..\..\app\tedlos.h">
      <Filter>tedlos</Filter>
    </ClInclude>
    <ClInclude Include="..\..\cfg_tedlos\tedlos_cfg.h">
      <Filter>tedlos</Filter>
    </ClInclude>
    <ClInclude Include="..\..\app\tedlos_scheduler.h">
      <Filter>tedlos</Filter>
    </ClInclude>
    <ClInclude Include="..\..\cfg_tedlos\tedlosevents.h">
      <Filter>tedlos</Filter>
    </ClInclude>
    <ClInclude Include="..\..\os-board-fusion\bdsched.h">
      <Filter>Libraries\Board</Filter>
    </ClInclude>
  </ItemGroup>
</Project>