<?xml version="1.0" encoding="utf-8"?>
<Project ToolsVersion="4.0" xmlns="http://schemas.microsoft.com/developer/msbuild/2003">
  <ItemGroup>
    <Filter Include="Header Files">
      <UniqueIdentifier>{93995380-89BD-4b04-88EB-625FBE52EBFB}</UniqueIdentifier>
      <Extensions>h;hpp;hxx;hm;inl;inc;xsd</Extensions>
    </Filter>
    <Filter Include="Resource Files">
      <UniqueIdentifier>{67DA6AB6-F800-4c08-8B7A-83BB121AAD01}</UniqueIdentifier>
      <Extensions>rc;ico;cur;bmp;dlg;rc2;rct;bin;rgs;gif;jpg;jpeg;jpe;resx;tiff;tif;png;wav;mfcribbon-ms</Extensions>
    </Filter>
    <Filter Include="Demo App">
      <UniqueIdentifier>{a9085cbe-125b-4254-b96d-1ee55179967c}</UniqueIdentifier>
    </Filter>
    <Filter Include="Support Libraries">
      <UniqueIdentifier>{52677f88-26ac-46a8-ae58-97a2d5fbd18d}</UniqueIdentifier>
    </Filter>
    <Filter Include="Support Libraries\EV Queue Extended">
      <UniqueIdentifier>{1b544467-6335-4948-aa42-02e95dd24cd6}</UniqueIdentifier>
    </Filter>
    <Filter Include="Support Libraries\Event">
      <UniqueIdentifier>{f03568fd-5b22-46f2-810b-da744ee26fbe}</UniqueIdentifier>
    </Filter>
    <Filter Include="Support Libraries\Event Queue">
      <UniqueIdentifier>{85eb19c8-8ffa-426f-9b9b-7d7f1ff74321}</UniqueIdentifier>
    </Filter>
    <Filter Include="SW Timers">
      <UniqueIdentifier>{838f8e77-eba2-4be6-b0f9-515f7211126a}</UniqueIdentifier>
    </Filter>
    <Filter Include="Support Libraries\Cwsw Lib">
      <UniqueIdentifier>{104836d2-8696-4295-b3e6-2948e59c0c7f}</UniqueIdentifier>
    </Filter>
  </ItemGroup>
  <ItemGroup>
    <None Include="..\..\cwsw_eventqueue\cwsw_evqueue_ex\src\cwsw_evq_proj.h.template">
      <Filter>Support Libraries\EV Queue Extended</Filter>
    </None>
    <None Include="..\..\cwsw_eventqueue\cwsw_evqueue_ex\doc\readme.md">
      <Filter>Support Libraries\EV Queue Extended</Filter>
    </None>
    <None Include="..\..\cwsw_eventqueue\cwsw_event\doc\readme.md">
      <Filter>Support Libraries\Event</Filter>
    </None>
    <None Include="..\..\cwsw_eventqueue\cwsw_evqueue\doc\readme.md">
      <Filter>Support Libraries\Event Queue</Filter>
    </None>
    <None Include="..\..\cwsw_eventqueue\cwsw_evqueue\readme.md">
      <Filter>Support Libraries\Event Queue</Filter>
    </None>
    <None Include="..\..\cwsw_eventqueue\cwsw_evqueue\inc\readme.md">
      <Filter>Support Libraries\Event Queue</Filter>
    </None>
    <None Include="..\..\cwsw_eventqueue\cwsw_evqueue\src\readme.md">
      <Filter>Support Libraries\Event Queue</Filter>
    </None>
    <None Include="..\libs\cwsw_lib\inc\README.md">
      <Filter>Support Libraries\Cwsw Lib</Filter>
    </None>
  </ItemGroup>
  <ItemGroup>
    <ClCompile Include="..\app\main.c">
      <Filter>Demo App</Filter>
    </ClCompile>
    <ClCompile Include="..\..\cwsw_eventqueue\cwsw_evqueue_ex\src\cwsw_evhandler.c">
      <Filter>Support Libraries\EV Queue Extended</Filter>
    </ClCompile>
    <ClCompile Include="..\..\cwsw_eventqueue\cwsw_evqueue_ex\src\cwsw_evqueue_ex.c">
      <Filter>Support Libraries\EV Queue Extended</Filter>
    </ClCompile>
    <ClCompile Include="..\..\cwsw_eventqueue\cwsw_evqueue_ex\src\cwsw_evthndlrassoc.c">
      <Filter>Support Libraries\EV Queue Extended</Filter>
    </ClCompile>
    <ClCompile Include="..\..\cwsw_eventqueue\cwsw_event\src\cwsw_event.c">
      <Filter>Support Libraries\Event</Filter>
    </ClCompile>
    <ClCompile Include="..\..\cwsw_eventqueue\cwsw_event\src\cwsw_eventtable.c">
      <Filter>Support Libraries\Event</Filter>
    </ClCompile>
    <ClCompile Include="..\..\cwsw_eventqueue\cwsw_evqueue\src\cwsw_evqueue.c">
      <Filter>Support Libraries\Event Queue</Filter>
    </ClCompile>
    <ClCompile Include="..\..\component\cwsw_swtimer\src\cwsw_swtimer.c">
      <Filter>SW Timers</Filter>
    </ClCompile>
    <ClCompile Include="..\app\cwsw_lib_prj\CritSect.c">
      <Filter>Demo App</Filter>
    </ClCompile>
    <ClCompile Include="..\..\component\cwsw_clock\src\cwsw_clock_svc.c">
      <Filter>SW Timers</Filter>
    </ClCompile>
    <ClCompile Include="..\libs\cwsw_lib\src\cwsw_lib.c">
      <Filter>Support Libraries\Cwsw Lib</Filter>
    </ClCompile>
  </ItemGroup>
  <ItemGroup>
    <ClInclude Include="..\..\cwsw_eventqueue\cwsw_evqueue_ex\inc\cwsw_evhandler.h">
      <Filter>Support Libraries\EV Queue Extended</Filter>
    </ClInclude>
    <ClInclude Include="..\..\cwsw_eventqueue\cwsw_evqueue_ex\inc\cwsw_evqueue_ex.h">
      <Filter>Support Libraries\EV Queue Extended</Filter>
    </ClInclude>
    <ClInclude Include="..\..\cwsw_eventqueue\cwsw_evqueue_ex\inc\cwsw_evthndlrassoc.h">
      <Filter>Support Libraries\EV Queue Extended</Filter>
    </ClInclude>
    <ClInclude Include="..\..\cwsw_eventqueue\cwsw_event\inc\cwsw_event.h">
      <Filter>Support Libraries\Event</Filter>
    </ClInclude>
    <ClInclude Include="..\..\cwsw_eventqueue\cwsw_event\inc\cwsw_eventtable.h">
      <Filter>Support Libraries\Event</Filter>
    </ClInclude>
    <ClInclude Include="..\..\cwsw_eventqueue\cwsw_evqueue\inc\cwsw_evqueue.h">
      <Filter>Support Libraries\Event Queue</Filter>
    </ClInclude>
    <ClInclude Include="..\..\component\cwsw_swtimer\inc\cwsw_swtimer.h">
      <Filter>SW Timers</Filter>
    </ClInclude>
    <ClInclude Include="..\..\component\cwsw_clock\inc\cwsw_clock.h">
      <Filter>SW Timers</Filter>
    </ClInclude>
    <ClInclude Include="..\libs\cwsw_lib\inc\ctassert.h">
      <Filter>Support Libraries\Cwsw Lib</Filter>
    </ClInclude>
    <ClInclude Include="..\libs\cwsw_lib\inc\cwsw_eventsim.h">
      <Filter>Support Libraries\Cwsw Lib</Filter>
    </ClInclude>
    <ClInclude Include="..\libs\cwsw_lib\inc\cwsw_lib.h">
      <Filter>Support Libraries\Cwsw Lib</Filter>
    </ClInclude>
    <ClInclude Include="..\libs\cwsw_lib\inc\ptypes.h">
      <Filter>Support Libraries\Cwsw Lib</Filter>
    </ClInclude>
  </ItemGroup>
</Project>